// !$*UTF8*$!
{
	archiveVersion = 1;
	classes = {
	};
	objectVersion = 48;
	objects = {

/* Begin PBXBuildFile section */
		5C79ECDD2120A4DD00908F5E /* AppDelegate.swift in Sources */ = {isa = PBXBuildFile; fileRef = 5C79ECDC2120A4DD00908F5E /* AppDelegate.swift */; };
		5C79ECDF2120A4DD00908F5E /* LoginViewController.swift in Sources */ = {isa = PBXBuildFile; fileRef = 5C79ECDE2120A4DD00908F5E /* LoginViewController.swift */; };
		5C79ECE22120A4DD00908F5E /* Main.storyboard in Resources */ = {isa = PBXBuildFile; fileRef = 5C79ECE02120A4DD00908F5E /* Main.storyboard */; };
		5C79ECE42120A4DD00908F5E /* Assets.xcassets in Resources */ = {isa = PBXBuildFile; fileRef = 5C79ECE32120A4DD00908F5E /* Assets.xcassets */; };
		5C79ECE72120A4DD00908F5E /* LaunchScreen.storyboard in Resources */ = {isa = PBXBuildFile; fileRef = 5C79ECE52120A4DD00908F5E /* LaunchScreen.storyboard */; };
		5CF6CB6D2120BEF0006D8730 /* Globals.swift in Sources */ = {isa = PBXBuildFile; fileRef = 5CF6CB6C2120BEF0006D8730 /* Globals.swift */; };
		5CFE3265212248C3007DAC4B /* MapViewController.swift in Sources */ = {isa = PBXBuildFile; fileRef = 5CFE3264212248C3007DAC4B /* MapViewController.swift */; };
		5CFE32682122F978007DAC4B /* Address.swift in Sources */ = {isa = PBXBuildFile; fileRef = 5CFE32672122F978007DAC4B /* Address.swift */; };
		5CFE326B2124595D007DAC4B /* DetailsViewController.swift in Sources */ = {isa = PBXBuildFile; fileRef = 5CFE326A2124595D007DAC4B /* DetailsViewController.swift */; };
		5CFE326D21258968007DAC4B /* DetailsTableViewCell.swift in Sources */ = {isa = PBXBuildFile; fileRef = 5CFE326C21258968007DAC4B /* DetailsTableViewCell.swift */; };
		5CFE326F2126417F007DAC4B /* GoogleService-Info.plist in Resources */ = {isa = PBXBuildFile; fileRef = 5CFE326E2126417E007DAC4B /* GoogleService-Info.plist */; };
		5CFE32722126EB77007DAC4B /* AddressData.swift in Sources */ = {isa = PBXBuildFile; fileRef = 5CFE32712126EB77007DAC4B /* AddressData.swift */; };
		5CFE32742126F6B6007DAC4B /* ShowLocationProtocol.swift in Sources */ = {isa = PBXBuildFile; fileRef = 5CFE32732126F6B6007DAC4B /* ShowLocationProtocol.swift */; };
		5CFE3276212844DA007DAC4B /* TokenHandler.swift in Sources */ = {isa = PBXBuildFile; fileRef = 5CFE3275212844DA007DAC4B /* TokenHandler.swift */; };
		733B201706C201451E66E1F2 /* Pods_Address_App.framework in Frameworks */ = {isa = PBXBuildFile; fileRef = 49C974D880A680C27250EA6D /* Pods_Address_App.framework */; };
/* End PBXBuildFile section */

/* Begin PBXFileReference section */
		0C91B10A831DC57673FE9074 /* Pods-Address App.release.xcconfig */ = {isa = PBXFileReference; includeInIndex = 1; lastKnownFileType = text.xcconfig; name = "Pods-Address App.release.xcconfig"; path = "Pods/Target Support Files/Pods-Address App/Pods-Address App.release.xcconfig"; sourceTree = "<group>"; };
		1BA112E31F794DEEB02AF4BF /* Pods-Address App.debug.xcconfig */ = {isa = PBXFileReference; includeInIndex = 1; lastKnownFileType = text.xcconfig; name = "Pods-Address App.debug.xcconfig"; path = "Pods/Target Support Files/Pods-Address App/Pods-Address App.debug.xcconfig"; sourceTree = "<group>"; };
		49C974D880A680C27250EA6D /* Pods_Address_App.framework */ = {isa = PBXFileReference; explicitFileType = wrapper.framework; includeInIndex = 0; path = Pods_Address_App.framework; sourceTree = BUILT_PRODUCTS_DIR; };
		5C79ECD92120A4DD00908F5E /* Address App.app */ = {isa = PBXFileReference; explicitFileType = wrapper.application; includeInIndex = 0; path = "Address App.app"; sourceTree = BUILT_PRODUCTS_DIR; };
		5C79ECDC2120A4DD00908F5E /* AppDelegate.swift */ = {isa = PBXFileReference; lastKnownFileType = sourcecode.swift; path = AppDelegate.swift; sourceTree = "<group>"; };
		5C79ECDE2120A4DD00908F5E /* LoginViewController.swift */ = {isa = PBXFileReference; lastKnownFileType = sourcecode.swift; path = LoginViewController.swift; sourceTree = "<group>"; };
		5C79ECE12120A4DD00908F5E /* Base */ = {isa = PBXFileReference; lastKnownFileType = file.storyboard; name = Base; path = Base.lproj/Main.storyboard; sourceTree = "<group>"; };
		5C79ECE32120A4DD00908F5E /* Assets.xcassets */ = {isa = PBXFileReference; lastKnownFileType = folder.assetcatalog; path = Assets.xcassets; sourceTree = "<group>"; };
		5C79ECE62120A4DD00908F5E /* Base */ = {isa = PBXFileReference; lastKnownFileType = file.storyboard; name = Base; path = Base.lproj/LaunchScreen.storyboard; sourceTree = "<group>"; };
		5C79ECE82120A4DD00908F5E /* Info.plist */ = {isa = PBXFileReference; lastKnownFileType = text.plist.xml; path = Info.plist; sourceTree = "<group>"; };
		5CF6CB6C2120BEF0006D8730 /* Globals.swift */ = {isa = PBXFileReference; lastKnownFileType = sourcecode.swift; path = Globals.swift; sourceTree = "<group>"; };
		5CFE3264212248C3007DAC4B /* MapViewController.swift */ = {isa = PBXFileReference; lastKnownFileType = sourcecode.swift; path = MapViewController.swift; sourceTree = "<group>"; };
		5CFE32672122F978007DAC4B /* Address.swift */ = {isa = PBXFileReference; lastKnownFileType = sourcecode.swift; path = Address.swift; sourceTree = "<group>"; };
		5CFE326A2124595D007DAC4B /* DetailsViewController.swift */ = {isa = PBXFileReference; lastKnownFileType = sourcecode.swift; path = DetailsViewController.swift; sourceTree = "<group>"; };
		5CFE326C21258968007DAC4B /* DetailsTableViewCell.swift */ = {isa = PBXFileReference; lastKnownFileType = sourcecode.swift; path = DetailsTableViewCell.swift; sourceTree = "<group>"; };
		5CFE326E2126417E007DAC4B /* GoogleService-Info.plist */ = {isa = PBXFileReference; fileEncoding = 4; lastKnownFileType = text.plist.xml; path = "GoogleService-Info.plist"; sourceTree = "<group>"; };
		5CFE32712126EB77007DAC4B /* AddressData.swift */ = {isa = PBXFileReference; lastKnownFileType = sourcecode.swift; path = AddressData.swift; sourceTree = "<group>"; };
		5CFE32732126F6B6007DAC4B /* ShowLocationProtocol.swift */ = {isa = PBXFileReference; lastKnownFileType = sourcecode.swift; path = ShowLocationProtocol.swift; sourceTree = "<group>"; };
		5CFE3275212844DA007DAC4B /* TokenHandler.swift */ = {isa = PBXFileReference; lastKnownFileType = sourcecode.swift; path = TokenHandler.swift; sourceTree = "<group>"; };
/* End PBXFileReference section */

/* Begin PBXFrameworksBuildPhase section */
		5C79ECD62120A4DD00908F5E /* Frameworks */ = {
			isa = PBXFrameworksBuildPhase;
			buildActionMask = 2147483647;
			files = (
				733B201706C201451E66E1F2 /* Pods_Address_App.framework in Frameworks */,
			);
			runOnlyForDeploymentPostprocessing = 0;
		};
/* End PBXFrameworksBuildPhase section */

/* Begin PBXGroup section */
		5C79ECD02120A4DD00908F5E = {
			isa = PBXGroup;
			children = (
				5C79ECDB2120A4DD00908F5E /* Address App */,
				5C79ECDA2120A4DD00908F5E /* Products */,
				A13260A573E02DF8EAE6AA05 /* Pods */,
				D513C01E3E84EA71D14A9625 /* Frameworks */,
			);
			sourceTree = "<group>";
		};
		5C79ECDA2120A4DD00908F5E /* Products */ = {
			isa = PBXGroup;
			children = (
				5C79ECD92120A4DD00908F5E /* Address App.app */,
			);
			name = Products;
			sourceTree = "<group>";
		};
		5C79ECDB2120A4DD00908F5E /* Address App */ = {
			isa = PBXGroup;
			children = (
				5C79ECE02120A4DD00908F5E /* Main.storyboard */,
				5CFE32702126E9DD007DAC4B /* Interactor */,
				5CFE32662122F953007DAC4B /* Models */,
				5CFE326121224832007DAC4B /* 0 - App delegate */,
				5CFE32622122487D007DAC4B /* 1 - Login View Controller */,
				5CFE326321224897007DAC4B /* 2 - Home View Controller */,
				5CFE32692124593C007DAC4B /* 3 - Details view controller */,
				5C79ECE32120A4DD00908F5E /* Assets.xcassets */,
				5C79ECE52120A4DD00908F5E /* LaunchScreen.storyboard */,
				5C79ECE82120A4DD00908F5E /* Info.plist */,
				5CFE326E2126417E007DAC4B /* GoogleService-Info.plist */,
				5CF6CB6C2120BEF0006D8730 /* Globals.swift */,
			);
			path = "Address App";
			sourceTree = "<group>";
		};
		5CFE326121224832007DAC4B /* 0 - App delegate */ = {
			isa = PBXGroup;
			children = (
				5C79ECDC2120A4DD00908F5E /* AppDelegate.swift */,
			);
			path = "0 - App delegate";
			sourceTree = "<group>";
		};
		5CFE32622122487D007DAC4B /* 1 - Login View Controller */ = {
			isa = PBXGroup;
			children = (
				5C79ECDE2120A4DD00908F5E /* LoginViewController.swift */,
			);
			path = "1 - Login View Controller";
			sourceTree = "<group>";
		};
		5CFE326321224897007DAC4B /* 2 - Home View Controller */ = {
			isa = PBXGroup;
			children = (
				5CFE3264212248C3007DAC4B /* MapViewController.swift */,
			);
			path = "2 - Home View Controller";
			sourceTree = "<group>";
		};
		5CFE32662122F953007DAC4B /* Models */ = {
			isa = PBXGroup;
			children = (
				5CFE32672122F978007DAC4B /* Address.swift */,
			);
			path = Models;
			sourceTree = "<group>";
		};
		5CFE32692124593C007DAC4B /* 3 - Details view controller */ = {
			isa = PBXGroup;
			children = (
				5CFE326A2124595D007DAC4B /* DetailsViewController.swift */,
				5CFE326C21258968007DAC4B /* DetailsTableViewCell.swift */,
				5CFE32732126F6B6007DAC4B /* ShowLocationProtocol.swift */,
			);
			path = "3 - Details view controller";
			sourceTree = "<group>";
		};
		5CFE32702126E9DD007DAC4B /* Interactor */ = {
			isa = PBXGroup;
			children = (
				5CFE32712126EB77007DAC4B /* AddressData.swift */,
				5CFE3275212844DA007DAC4B /* TokenHandler.swift */,
			);
			path = Interactor;
			sourceTree = "<group>";
		};
		A13260A573E02DF8EAE6AA05 /* Pods */ = {
			isa = PBXGroup;
			children = (
				1BA112E31F794DEEB02AF4BF /* Pods-Address App.debug.xcconfig */,
				0C91B10A831DC57673FE9074 /* Pods-Address App.release.xcconfig */,
			);
			name = Pods;
			sourceTree = "<group>";
		};
		D513C01E3E84EA71D14A9625 /* Frameworks */ = {
			isa = PBXGroup;
			children = (
				49C974D880A680C27250EA6D /* Pods_Address_App.framework */,
			);
			name = Frameworks;
			sourceTree = "<group>";
		};
/* End PBXGroup section */

/* Begin PBXNativeTarget section */
		5C79ECD82120A4DD00908F5E /* Address App */ = {
			isa = PBXNativeTarget;
			buildConfigurationList = 5C79ECEB2120A4DD00908F5E /* Build configuration list for PBXNativeTarget "Address App" */;
			buildPhases = (
				0D0418998C63D47F97A31A88 /* [CP] Check Pods Manifest.lock */,
				5C79ECD52120A4DD00908F5E /* Sources */,
				5C79ECD62120A4DD00908F5E /* Frameworks */,
				5C79ECD72120A4DD00908F5E /* Resources */,
				2F04B3741458AECE26CEB3D0 /* [CP] Embed Pods Frameworks */,
				C638B8E627239C0C0D8901B3 /* [CP] Copy Pods Resources */,
			);
			buildRules = (
			);
			dependencies = (
			);
			name = "Address App";
			productName = "Address App";
			productReference = 5C79ECD92120A4DD00908F5E /* Address App.app */;
			productType = "com.apple.product-type.application";
		};
/* End PBXNativeTarget section */

/* Begin PBXProject section */
		5C79ECD12120A4DD00908F5E /* Project object */ = {
			isa = PBXProject;
			attributes = {
				LastSwiftUpdateCheck = 0920;
				LastUpgradeCheck = 0920;
				ORGANIZATIONNAME = Mazen;
				TargetAttributes = {
					5C79ECD82120A4DD00908F5E = {
						CreatedOnToolsVersion = 9.2;
						ProvisioningStyle = Manual;
					};
				};
			};
			buildConfigurationList = 5C79ECD42120A4DD00908F5E /* Build configuration list for PBXProject "Address App" */;
			compatibilityVersion = "Xcode 8.0";
			developmentRegion = en;
			hasScannedForEncodings = 0;
			knownRegions = (
				en,
				Base,
			);
			mainGroup = 5C79ECD02120A4DD00908F5E;
			productRefGroup = 5C79ECDA2120A4DD00908F5E /* Products */;
			projectDirPath = "";
			projectRoot = "";
			targets = (
				5C79ECD82120A4DD00908F5E /* Address App */,
			);
		};
/* End PBXProject section */

/* Begin PBXResourcesBuildPhase section */
		5C79ECD72120A4DD00908F5E /* Resources */ = {
			isa = PBXResourcesBuildPhase;
			buildActionMask = 2147483647;
			files = (
				5C79ECE72120A4DD00908F5E /* LaunchScreen.storyboard in Resources */,
				5CFE326F2126417F007DAC4B /* GoogleService-Info.plist in Resources */,
				5C79ECE42120A4DD00908F5E /* Assets.xcassets in Resources */,
				5C79ECE22120A4DD00908F5E /* Main.storyboard in Resources */,
			);
			runOnlyForDeploymentPostprocessing = 0;
		};
/* End PBXResourcesBuildPhase section */

/* Begin PBXShellScriptBuildPhase section */
		0D0418998C63D47F97A31A88 /* [CP] Check Pods Manifest.lock */ = {
			isa = PBXShellScriptBuildPhase;
			buildActionMask = 2147483647;
			files = (
			);
			inputPaths = (
				"${PODS_PODFILE_DIR_PATH}/Podfile.lock",
				"${PODS_ROOT}/Manifest.lock",
			);
			name = "[CP] Check Pods Manifest.lock";
			outputPaths = (
				"$(DERIVED_FILE_DIR)/Pods-Address App-checkManifestLockResult.txt",
			);
			runOnlyForDeploymentPostprocessing = 0;
			shellPath = /bin/sh;
			shellScript = "diff \"${PODS_PODFILE_DIR_PATH}/Podfile.lock\" \"${PODS_ROOT}/Manifest.lock\" > /dev/null\nif [ $? != 0 ] ; then\n    # print error to STDERR\n    echo \"error: The sandbox is not in sync with the Podfile.lock. Run 'pod install' or update your CocoaPods installation.\" >&2\n    exit 1\nfi\n# This output is used by Xcode 'outputs' to avoid re-running this script phase.\necho \"SUCCESS\" > \"${SCRIPT_OUTPUT_FILE_0}\"\n";
			showEnvVarsInLog = 0;
		};
		2F04B3741458AECE26CEB3D0 /* [CP] Embed Pods Frameworks */ = {
			isa = PBXShellScriptBuildPhase;
			buildActionMask = 2147483647;
			files = (
			);
			inputPaths = (
				"${SRCROOT}/Pods/Target Support Files/Pods-Address App/Pods-Address App-frameworks.sh",
				"${BUILT_PRODUCTS_DIR}/GTMOAuth2/GTMOAuth2.framework",
				"${BUILT_PRODUCTS_DIR}/GTMSessionFetcher/GTMSessionFetcher.framework",
				"${BUILT_PRODUCTS_DIR}/GoogleToolboxForMac/GoogleToolboxForMac.framework",
			);
			name = "[CP] Embed Pods Frameworks";
			outputPaths = (
				"${TARGET_BUILD_DIR}/${FRAMEWORKS_FOLDER_PATH}/GTMOAuth2.framework",
				"${TARGET_BUILD_DIR}/${FRAMEWORKS_FOLDER_PATH}/GTMSessionFetcher.framework",
				"${TARGET_BUILD_DIR}/${FRAMEWORKS_FOLDER_PATH}/GoogleToolboxForMac.framework",
			);
			runOnlyForDeploymentPostprocessing = 0;
			shellPath = /bin/sh;
			shellScript = "\"${SRCROOT}/Pods/Target Support Files/Pods-Address App/Pods-Address App-frameworks.sh\"\n";
			showEnvVarsInLog = 0;
		};
		C638B8E627239C0C0D8901B3 /* [CP] Copy Pods Resources */ = {
			isa = PBXShellScriptBuildPhase;
			buildActionMask = 2147483647;
			files = (
			);
			inputPaths = (
				"${SRCROOT}/Pods/Target Support Files/Pods-Address App/Pods-Address App-resources.sh",
				"${PODS_ROOT}/GoogleMaps/Maps/Frameworks/GoogleMaps.framework/Resources/GoogleMaps.bundle",
				"${PODS_ROOT}/GooglePlacePicker/Frameworks/GooglePlacePicker.framework/Resources/GooglePlacePicker.bundle",
				"${PODS_ROOT}/GooglePlaces/Frameworks/GooglePlaces.framework/Resources/GooglePlaces.bundle",
				"${PODS_ROOT}/GoogleSignIn/Resources/GoogleSignIn.bundle",
			);
			name = "[CP] Copy Pods Resources";
			outputPaths = (
				"${TARGET_BUILD_DIR}/${UNLOCALIZED_RESOURCES_FOLDER_PATH}",
			);
			runOnlyForDeploymentPostprocessing = 0;
			shellPath = /bin/sh;
			shellScript = "\"${SRCROOT}/Pods/Target Support Files/Pods-Address App/Pods-Address App-resources.sh\"\n";
			showEnvVarsInLog = 0;
		};
/* End PBXShellScriptBuildPhase section */

/* Begin PBXSourcesBuildPhase section */
		5C79ECD52120A4DD00908F5E /* Sources */ = {
			isa = PBXSourcesBuildPhase;
			buildActionMask = 2147483647;
			files = (
				5C79ECDF2120A4DD00908F5E /* LoginViewController.swift in Sources */,
				5C79ECDD2120A4DD00908F5E /* AppDelegate.swift in Sources */,
				5CF6CB6D2120BEF0006D8730 /* Globals.swift in Sources */,
				5CFE3265212248C3007DAC4B /* MapViewController.swift in Sources */,
				5CFE32742126F6B6007DAC4B /* ShowLocationProtocol.swift in Sources */,
				5CFE3276212844DA007DAC4B /* TokenHandler.swift in Sources */,
				5CFE32722126EB77007DAC4B /* AddressData.swift in Sources */,
				5CFE32682122F978007DAC4B /* Address.swift in Sources */,
				5CFE326B2124595D007DAC4B /* DetailsViewController.swift in Sources */,
				5CFE326D21258968007DAC4B /* DetailsTableViewCell.swift in Sources */,
			);
			runOnlyForDeploymentPostprocessing = 0;
		};
/* End PBXSourcesBuildPhase section */

/* Begin PBXVariantGroup section */
		5C79ECE02120A4DD00908F5E /* Main.storyboard */ = {
			isa = PBXVariantGroup;
			children = (
				5C79ECE12120A4DD00908F5E /* Base */,
			);
			name = Main.storyboard;
			sourceTree = "<group>";
		};
		5C79ECE52120A4DD00908F5E /* LaunchScreen.storyboard */ = {
			isa = PBXVariantGroup;
			children = (
				5C79ECE62120A4DD00908F5E /* Base */,
			);
			name = LaunchScreen.storyboard;
			sourceTree = "<group>";
		};
/* End PBXVariantGroup section */

/* Begin XCBuildConfiguration section */
		5C79ECE92120A4DD00908F5E /* Debug */ = {
			isa = XCBuildConfiguration;
			buildSettings = {
				ALWAYS_SEARCH_USER_PATHS = NO;
				CLANG_ANALYZER_NONNULL = YES;
				CLANG_ANALYZER_NUMBER_OBJECT_CONVERSION = YES_AGGRESSIVE;
				CLANG_CXX_LANGUAGE_STANDARD = "gnu++14";
				CLANG_CXX_LIBRARY = "libc++";
				CLANG_ENABLE_MODULES = YES;
				CLANG_ENABLE_OBJC_ARC = YES;
				CLANG_WARN_BLOCK_CAPTURE_AUTORELEASING = YES;
				CLANG_WARN_BOOL_CONVERSION = YES;
				CLANG_WARN_COMMA = YES;
				CLANG_WARN_CONSTANT_CONVERSION = YES;
				CLANG_WARN_DIRECT_OBJC_ISA_USAGE = YES_ERROR;
				CLANG_WARN_DOCUMENTATION_COMMENTS = YES;
				CLANG_WARN_EMPTY_BODY = YES;
				CLANG_WARN_ENUM_CONVERSION = YES;
				CLANG_WARN_INFINITE_RECURSION = YES;
				CLANG_WARN_INT_CONVERSION = YES;
				CLANG_WARN_NON_LITERAL_NULL_CONVERSION = YES;
				CLANG_WARN_OBJC_LITERAL_CONVERSION = YES;
				CLANG_WARN_OBJC_ROOT_CLASS = YES_ERROR;
				CLANG_WARN_RANGE_LOOP_ANALYSIS = YES;
				CLANG_WARN_STRICT_PROTOTYPES = YES;
				CLANG_WARN_SUSPICIOUS_MOVE = YES;
				CLANG_WARN_UNGUARDED_AVAILABILITY = YES_AGGRESSIVE;
				CLANG_WARN_UNREACHABLE_CODE = YES;
				CLANG_WARN__DUPLICATE_METHOD_MATCH = YES;
				CODE_SIGN_IDENTITY = "iPhone Developer";
				COPY_PHASE_STRIP = NO;
				DEBUG_INFORMATION_FORMAT = dwarf;
				ENABLE_STRICT_OBJC_MSGSEND = YES;
				ENABLE_TESTABILITY = YES;
				GCC_C_LANGUAGE_STANDARD = gnu11;
				GCC_DYNAMIC_NO_PIC = NO;
				GCC_NO_COMMON_BLOCKS = YES;
				GCC_OPTIMIZATION_LEVEL = 0;
				GCC_PREPROCESSOR_DEFINITIONS = (
					"DEBUG=1",
					"$(inherited)",
				);
				GCC_WARN_64_TO_32_BIT_CONVERSION = YES;
				GCC_WARN_ABOUT_RETURN_TYPE = YES_ERROR;
				GCC_WARN_UNDECLARED_SELECTOR = YES;
				GCC_WARN_UNINITIALIZED_AUTOS = YES_AGGRESSIVE;
				GCC_WARN_UNUSED_FUNCTION = YES;
				GCC_WARN_UNUSED_VARIABLE = YES;
				IPHONEOS_DEPLOYMENT_TARGET = 11.2;
				MTL_ENABLE_DEBUG_INFO = YES;
				ONLY_ACTIVE_ARCH = YES;
				SDKROOT = iphoneos;
				SWIFT_ACTIVE_COMPILATION_CONDITIONS = DEBUG;
				SWIFT_OPTIMIZATION_LEVEL = "-Onone";
			};
			name = Debug;
		};
		5C79ECEA2120A4DD00908F5E /* Release */ = {
			isa = XCBuildConfiguration;
			buildSettings = {
				ALWAYS_SEARCH_USER_PATHS = NO;
				CLANG_ANALYZER_NONNULL = YES;
				CLANG_ANALYZER_NUMBER_OBJECT_CONVERSION = YES_AGGRESSIVE;
				CLANG_CXX_LANGUAGE_STANDARD = "gnu++14";
				CLANG_CXX_LIBRARY = "libc++";
				CLANG_ENABLE_MODULES = YES;
				CLANG_ENABLE_OBJC_ARC = YES;
				CLANG_WARN_BLOCK_CAPTURE_AUTORELEASING = YES;
				CLANG_WARN_BOOL_CONVERSION = YES;
				CLANG_WARN_COMMA = YES;
				CLANG_WARN_CONSTANT_CONVERSION = YES;
				CLANG_WARN_DIRECT_OBJC_ISA_USAGE = YES_ERROR;
				CLANG_WARN_DOCUMENTATION_COMMENTS = YES;
				CLANG_WARN_EMPTY_BODY = YES;
				CLANG_WARN_ENUM_CONVERSION = YES;
				CLANG_WARN_INFINITE_RECURSION = YES;
				CLANG_WARN_INT_CONVERSION = YES;
				CLANG_WARN_NON_LITERAL_NULL_CONVERSION = YES;
				CLANG_WARN_OBJC_LITERAL_CONVERSION = YES;
				CLANG_WARN_OBJC_ROOT_CLASS = YES_ERROR;
				CLANG_WARN_RANGE_LOOP_ANALYSIS = YES;
				CLANG_WARN_STRICT_PROTOTYPES = YES;
				CLANG_WARN_SUSPICIOUS_MOVE = YES;
				CLANG_WARN_UNGUARDED_AVAILABILITY = YES_AGGRESSIVE;
				CLANG_WARN_UNREACHABLE_CODE = YES;
				CLANG_WARN__DUPLICATE_METHOD_MATCH = YES;
				CODE_SIGN_IDENTITY = "iPhone Developer";
				COPY_PHASE_STRIP = NO;
				DEBUG_INFORMATION_FORMAT = "dwarf-with-dsym";
				ENABLE_NS_ASSERTIONS = NO;
				ENABLE_STRICT_OBJC_MSGSEND = YES;
				GCC_C_LANGUAGE_STANDARD = gnu11;
				GCC_NO_COMMON_BLOCKS = YES;
				GCC_WARN_64_TO_32_BIT_CONVERSION = YES;
				GCC_WARN_ABOUT_RETURN_TYPE = YES_ERROR;
				GCC_WARN_UNDECLARED_SELECTOR = YES;
				GCC_WARN_UNINITIALIZED_AUTOS = YES_AGGRESSIVE;
				GCC_WARN_UNUSED_FUNCTION = YES;
				GCC_WARN_UNUSED_VARIABLE = YES;
				IPHONEOS_DEPLOYMENT_TARGET = 11.2;
				MTL_ENABLE_DEBUG_INFO = NO;
				SDKROOT = iphoneos;
				SWIFT_OPTIMIZATION_LEVEL = "-Owholemodule";
				VALIDATE_PRODUCT = YES;
			};
			name = Release;
		};
		5C79ECEC2120A4DD00908F5E /* Debug */ = {
			isa = XCBuildConfiguration;
			baseConfigurationReference = 1BA112E31F794DEEB02AF4BF /* Pods-Address App.debug.xcconfig */;
			buildSettings = {
				ASSETCATALOG_COMPILER_APPICON_NAME = AppIcon;
				CODE_SIGN_STYLE = Manual;
				DEVELOPMENT_TEAM = "";
				INFOPLIST_FILE = "Address App/Info.plist";
				LD_RUNPATH_SEARCH_PATHS = "$(inherited) @executable_path/Frameworks";
				PRODUCT_BUNDLE_IDENTIFIER = "Mazen.Address-App";
				PRODUCT_NAME = "$(TARGET_NAME)";
				PROVISIONING_PROFILE_SPECIFIER = "";
				SWIFT_VERSION = 4.0;
				TARGETED_DEVICE_FAMILY = "1,2";
			};
			name = Debug;
		};
		5C79ECED2120A4DD00908F5E /* Release */ = {
			isa = XCBuildConfiguration;
			baseConfigurationReference = 0C91B10A831DC57673FE9074 /* Pods-Address App.release.xcconfig */;
			buildSettings = {
				ASSETCATALOG_COMPILER_APPICON_NAME = AppIcon;
				CODE_SIGN_STYLE = Manual;
				DEVELOPMENT_TEAM = "";
				INFOPLIST_FILE = "Address App/Info.plist";
				LD_RUNPATH_SEARCH_PATHS = "$(inherited) @executable_path/Frameworks";
				PRODUCT_BUNDLE_IDENTIFIER = "Mazen.Address-App";
				PRODUCT_NAME = "$(TARGET_NAME)";
				PROVISIONING_PROFILE_SPECIFIER = "";
				SWIFT_VERSION = 4.0;
				TARGETED_DEVICE_FAMILY = "1,2";
			};
			name = Release;
		};
/* End XCBuildConfiguration section */

/* Begin XCConfigurationList section */
		5C79ECD42120A4DD00908F5E /* Build configuration list for PBXProject "Address App" */ = {
			isa = XCConfigurationList;
			buildConfigurations = (
				5C79ECE92120A4DD00908F5E /* Debug */,
				5C79ECEA2120A4DD00908F5E /* Release */,
			);
			defaultConfigurationIsVisible = 0;
			defaultConfigurationName = Release;
		};
		5C79ECEB2120A4DD00908F5E /* Build configuration list for PBXNativeTarget "Address App" */ = {
			isa = XCConfigurationList;
			buildConfigurations = (
				5C79ECEC2120A4DD00908F5E /* Debug */,
				5C79ECED2120A4DD00908F5E /* Release */,
			);
			defaultConfigurationIsVisible = 0;
			defaultConfigurationName = Release;
		};
/* End XCConfigurationList section */
	};
	rootObject = 5C79ECD12120A4DD00908F5E /* Project object */;
}
